
Microsoft Visual Studio Solution File, Format Version 12.00
# Visual Studio Version 17
VisualStudioVersion = 17.14.36327.8 d17.14
MinimumVisualStudioVersion = 10.0.40219.1
Project("{FAE04EC0-301F-11D3-BF4B-00C04F79EFBC}") = "labSecond", "labSecond.csproj", "{1EAFD74D-A2BB-478C-9363-1B2A8AA8C4FE}"
EndProject
Global
	GlobalSection(SolutionConfigurationPlatforms) = preSolution
		Debug|Any CPU = Debug|Any CPU
		Release|Any CPU = Release|Any CPU
	EndGlobalSection
	GlobalSection(ProjectConfigurationPlatforms) = postSolution
		{1EAFD74D-A2BB-478C-9363-1B2A8AA8C4FE}.Debug|Any CPU.ActiveCfg = Debug|Any CPU
		{1EAFD74D-A2BB-478C-9363-1B2A8AA8C4FE}.Debug|Any CPU.Build.0 = Debug|Any CPU
		{1EAFD74D-A2BB-478C-9363-1B2A8AA8C4FE}.Release|Any CPU.ActiveCfg = Release|Any CPU
		{1EAFD74D-A2BB-478C-9363-1B2A8AA8C4FE}.Release|Any CPU.Build.0 = Release|Any CPU
	EndGlobalSection
	GlobalSection(SolutionProperties) = preSolution
		HideSolutionNode = FALSE
	EndGlobalSection
	GlobalSection(ExtensibilityGlobals) = postSolution
		SolutionGuid = {82CAE8BA-A62A-4864-B73A-E01E01688A9C}
	EndGlobalSection
EndGlobal
